github.com/nunocoracao/blowfish/v2 v2.66.0 h1:ojg+QA8Q3QdcdqeTz5pF/+LhfOYO29UJ1EGXITa40Ro=
github.com/nunocoracao/blowfish/v2 v2.66.0/go.mod h1:4SkMc+Ht8gpQCwArqiHMBDP3soxi2OWuAhVney+cuyk=
github.com/nunocoracao/blowfish/v2 v2.77.1 h1:HHNdxj/+jdthsXHCasPsxbY/G6/1Jpzjk8cVohAaxkA=
github.com/nunocoracao/blowfish/v2 v2.77.1/go.mod h1:4SkMc+Ht8gpQCwArqiHMBDP3soxi2OWuAhVney+cuyk=
